
Microsoft Visual Studio Solution File, Format Version 12.00
# Visual Studio Version 16
VisualStudioVersion = 16.0.29613.14
MinimumVisualStudioVersion = 10.0.40219.1
Project("{FAE04EC0-301F-11D3-BF4B-00C04F79EFBC}") = "CRUDPractice", "CRUDPractice\CRUDPractice.csproj", "{70FD2EB9-9DAC-4A51-90A2-AF106F9EBA63}"
EndProject
Global
	GlobalSection(SolutionConfigurationPlatforms) = preSolution
		Debug|Any CPU = Debug|Any CPU
		Release|Any CPU = Release|Any CPU
	EndGlobalSection
	GlobalSection(ProjectConfigurationPlatforms) = postSolution
		{70FD2EB9-9DAC-4A51-90A2-AF106F9EBA63}.Debug|Any CPU.ActiveCfg = Debug|Any CPU
		{70FD2EB9-9DAC-4A51-90A2-AF106F9EBA63}.Debug|Any CPU.Build.0 = Debug|Any CPU
		{70FD2EB9-9DAC-4A51-90A2-AF106F9EBA63}.Release|Any CPU.ActiveCfg = Release|Any CPU
		{70FD2EB9-9DAC-4A51-90A2-AF106F9EBA63}.Release|Any CPU.Build.0 = Release|Any CPU
	EndGlobalSection
	GlobalSection(SolutionProperties) = preSolution
		HideSolutionNode = FALSE
	EndGlobalSection
	GlobalSection(ExtensibilityGlobals) = postSolution
		SolutionGuid = {E121644C-A2F3-48FC-B9E0-4520BD60B2EB}
	EndGlobalSection
EndGlobal
